
Microsoft Visual Studio Solution File, Format Version 12.00
# Visual Studio Version 17
VisualStudioVersion = 17.3.32929.385
MinimumVisualStudioVersion = 10.0.40219.1
Project("{FAE04EC0-301F-11D3-BF4B-00C04F79EFBC}") = "Lab22", "Lab22\Lab22.csproj", "{8F8B4CF8-9DC4-4E25-A36C-FC9746AFD5A9}"
EndProject
Project("{FAE04EC0-301F-11D3-BF4B-00C04F79EFBC}") = "HomeWork22", "HomeWork22\HomeWork22.csproj", "{3F925C6C-F16D-41A1-8CE1-F5FDD3D630F7}"
EndProject
Global
	GlobalSection(SolutionConfigurationPlatforms) = preSolution
		Debug|Any CPU = Debug|Any CPU
		Release|Any CPU = Release|Any CPU
	EndGlobalSection
	GlobalSection(ProjectConfigurationPlatforms) = postSolution
		{8F8B4CF8-9DC4-4E25-A36C-FC9746AFD5A9}.Debug|Any CPU.ActiveCfg = Debug|Any CPU
		{8F8B4CF8-9DC4-4E25-A36C-FC9746AFD5A9}.Debug|Any CPU.Build.0 = Debug|Any CPU
		{8F8B4CF8-9DC4-4E25-A36C-FC9746AFD5A9}.Release|Any CPU.ActiveCfg = Release|Any CPU
		{8F8B4CF8-9DC4-4E25-A36C-FC9746AFD5A9}.Release|Any CPU.Build.0 = Release|Any CPU
		{3F925C6C-F16D-41A1-8CE1-F5FDD3D630F7}.Debug|Any CPU.ActiveCfg = Debug|Any CPU
		{3F925C6C-F16D-41A1-8CE1-F5FDD3D630F7}.Debug|Any CPU.Build.0 = Debug|Any CPU
		{3F925C6C-F16D-41A1-8CE1-F5FDD3D630F7}.Release|Any CPU.ActiveCfg = Release|Any CPU
		{3F925C6C-F16D-41A1-8CE1-F5FDD3D630F7}.Release|Any CPU.Build.0 = Release|Any CPU
	EndGlobalSection
	GlobalSection(SolutionProperties) = preSolution
		HideSolutionNode = FALSE
	EndGlobalSection
	GlobalSection(ExtensibilityGlobals) = postSolution
		SolutionGuid = {6854177B-F66F-4D77-81F7-CB322E79E853}
	EndGlobalSection
EndGlobal
